
Microsoft Visual Studio Solution File, Format Version 12.00
# Visual Studio 15
VisualStudioVersion = 15.0.27130.2010
MinimumVisualStudioVersion = 10.0.40219.1
Project("{FAE04EC0-301F-11D3-BF4B-00C04F79EFBC}") = "LWAGCMembers", "LWAGCMembers\LWAGCMembers.csproj", "{140E5F69-0046-4D43-9311-87F18C3581B5}"
EndProject
Global
	GlobalSection(SolutionConfigurationPlatforms) = preSolution
		Debug|Any CPU = Debug|Any CPU
		Release|Any CPU = Release|Any CPU
	EndGlobalSection
	GlobalSection(ProjectConfigurationPlatforms) = postSolution
		{140E5F69-0046-4D43-9311-87F18C3581B5}.Debug|Any CPU.ActiveCfg = Debug|Any CPU
		{140E5F69-0046-4D43-9311-87F18C3581B5}.Debug|Any CPU.Build.0 = Debug|Any CPU
		{140E5F69-0046-4D43-9311-87F18C3581B5}.Release|Any CPU.ActiveCfg = Release|Any CPU
		{140E5F69-0046-4D43-9311-87F18C3581B5}.Release|Any CPU.Build.0 = Release|Any CPU
	EndGlobalSection
	GlobalSection(SolutionProperties) = preSolution
		HideSolutionNode = FALSE
	EndGlobalSection
	GlobalSection(ExtensibilityGlobals) = postSolution
		SolutionGuid = {BEC396D3-1C9E-4485-9501-E6F619B51D9E}
	EndGlobalSection
EndGlobal
